
Microsoft Visual Studio Solution File, Format Version 12.00
# Visual Studio Version 17
VisualStudioVersion = 17.6.33829.357
MinimumVisualStudioVersion = 10.0.40219.1
Project("{FAE04EC0-301F-11D3-BF4B-00C04F79EFBC}") = "JS_ICTPRG432-AT3-PROJECT", "JS_ICTPRG432-AT3-PROJECT.csproj", "{4E3A84BA-19CD-4760-967B-6C6870F70FB9}"
EndProject
Global
	GlobalSection(SolutionConfigurationPlatforms) = preSolution
		Debug|Any CPU = Debug|Any CPU
		Release|Any CPU = Release|Any CPU
	EndGlobalSection
	GlobalSection(ProjectConfigurationPlatforms) = postSolution
		{4E3A84BA-19CD-4760-967B-6C6870F70FB9}.Debug|Any CPU.ActiveCfg = Debug|Any CPU
		{4E3A84BA-19CD-4760-967B-6C6870F70FB9}.Debug|Any CPU.Build.0 = Debug|Any CPU
		{4E3A84BA-19CD-4760-967B-6C6870F70FB9}.Release|Any CPU.ActiveCfg = Release|Any CPU
		{4E3A84BA-19CD-4760-967B-6C6870F70FB9}.Release|Any CPU.Build.0 = Release|Any CPU
	EndGlobalSection
	GlobalSection(SolutionProperties) = preSolution
		HideSolutionNode = FALSE
	EndGlobalSection
	GlobalSection(ExtensibilityGlobals) = postSolution
		SolutionGuid = {7BC0BF39-01FB-4886-B27C-9721C8A9B024}
	EndGlobalSection
EndGlobal
